
Microsoft Visual Studio Solution File, Format Version 12.00
# Visual Studio Version 16
VisualStudioVersion = 16.0.29613.14
MinimumVisualStudioVersion = 10.0.40219.1
Project("{FAE04EC0-301F-11D3-BF4B-00C04F79EFBC}") = "ElPomodoro", "ElPomodoro\ElPomodoro.csproj", "{847801F9-FD90-4AFC-ACEA-61C15392404E}"
EndProject
Global
	GlobalSection(SolutionConfigurationPlatforms) = preSolution
		Debug|Any CPU = Debug|Any CPU
		Release|Any CPU = Release|Any CPU
	EndGlobalSection
	GlobalSection(ProjectConfigurationPlatforms) = postSolution
		{847801F9-FD90-4AFC-ACEA-61C15392404E}.Debug|Any CPU.ActiveCfg = Debug|Any CPU
		{847801F9-FD90-4AFC-ACEA-61C15392404E}.Debug|Any CPU.Build.0 = Debug|Any CPU
		{847801F9-FD90-4AFC-ACEA-61C15392404E}.Release|Any CPU.ActiveCfg = Release|Any CPU
		{847801F9-FD90-4AFC-ACEA-61C15392404E}.Release|Any CPU.Build.0 = Release|Any CPU
	EndGlobalSection
	GlobalSection(SolutionProperties) = preSolution
		HideSolutionNode = FALSE
	EndGlobalSection
	GlobalSection(ExtensibilityGlobals) = postSolution
		SolutionGuid = {BCDDD1BE-4E37-4D8B-97B6-AA309C102258}
	EndGlobalSection
EndGlobal
